
Microsoft Visual Studio Solution File, Format Version 12.00
# Visual Studio Version 16
VisualStudioVersion = 16.0.31911.196
MinimumVisualStudioVersion = 10.0.40219.1
Project("{9A19103F-16F7-4668-BE54-9A1E7A4F7556}") = "IsoMetrixTest", "IsoMetrixTest.csproj", "{73076082-21C7-4EFC-9E22-14FF7EBFE8A6}"
EndProject
Project("{FAE04EC0-301F-11D3-BF4B-00C04F79EFBC}") = "IsoMetrixAppUnitTest", "..\IsoMetrixAppUnitTest\IsoMetrixAppUnitTest.csproj", "{C7488BAF-93A5-43C9-B46C-912FE9B13FB8}"
EndProject
Global
	GlobalSection(SolutionConfigurationPlatforms) = preSolution
		Debug|Any CPU = Debug|Any CPU
		Release|Any CPU = Release|Any CPU
	EndGlobalSection
	GlobalSection(ProjectConfigurationPlatforms) = postSolution
		{73076082-21C7-4EFC-9E22-14FF7EBFE8A6}.Debug|Any CPU.ActiveCfg = Debug|Any CPU
		{73076082-21C7-4EFC-9E22-14FF7EBFE8A6}.Debug|Any CPU.Build.0 = Debug|Any CPU
		{73076082-21C7-4EFC-9E22-14FF7EBFE8A6}.Release|Any CPU.ActiveCfg = Release|Any CPU
		{73076082-21C7-4EFC-9E22-14FF7EBFE8A6}.Release|Any CPU.Build.0 = Release|Any CPU
		{C7488BAF-93A5-43C9-B46C-912FE9B13FB8}.Debug|Any CPU.ActiveCfg = Debug|Any CPU
		{C7488BAF-93A5-43C9-B46C-912FE9B13FB8}.Debug|Any CPU.Build.0 = Debug|Any CPU
		{C7488BAF-93A5-43C9-B46C-912FE9B13FB8}.Release|Any CPU.ActiveCfg = Release|Any CPU
		{C7488BAF-93A5-43C9-B46C-912FE9B13FB8}.Release|Any CPU.Build.0 = Release|Any CPU
	EndGlobalSection
	GlobalSection(SolutionProperties) = preSolution
		HideSolutionNode = FALSE
	EndGlobalSection
	GlobalSection(ExtensibilityGlobals) = postSolution
		SolutionGuid = {640E2BFA-6829-463A-9710-E620E9B50E08}
	EndGlobalSection
EndGlobal
